// !$*UTF8*$!
{
	archiveVersion = 1;
	classes = {
	};
	objectVersion = 46;
	objects = {

/* Begin PBXBuildFile section */
		6324D2D31CE71B19001934A5 /* AppDelegate.swift in Sources */ = {isa = PBXBuildFile; fileRef = 6324D2D21CE71B19001934A5 /* AppDelegate.swift */; };
		6324D2D81CE71B19001934A5 /* Main.storyboard in Resources */ = {isa = PBXBuildFile; fileRef = 6324D2D61CE71B19001934A5 /* Main.storyboard */; };
		6324D2DB1CE71B1A001934A5 /* FirstStage.xcdatamodeld in Sources */ = {isa = PBXBuildFile; fileRef = 6324D2D91CE71B1A001934A5 /* FirstStage.xcdatamodeld */; };
		6324D2DD1CE71B1A001934A5 /* Assets.xcassets in Resources */ = {isa = PBXBuildFile; fileRef = 6324D2DC1CE71B1A001934A5 /* Assets.xcassets */; };
		6324D2E01CE71B1A001934A5 /* LaunchScreen.storyboard in Resources */ = {isa = PBXBuildFile; fileRef = 6324D2DE1CE71B1A001934A5 /* LaunchScreen.storyboard */; };
		6324D2EB1CE71B1A001934A5 /* FirstStageTests.swift in Sources */ = {isa = PBXBuildFile; fileRef = 6324D2EA1CE71B1A001934A5 /* FirstStageTests.swift */; };
		6324D2F61CE71B1A001934A5 /* FirstStageUITests.swift in Sources */ = {isa = PBXBuildFile; fileRef = 6324D2F51CE71B1A001934A5 /* FirstStageUITests.swift */; };
		6324D3041CE72E5D001934A5 /* TuneExerciseViewController.swift in Sources */ = {isa = PBXBuildFile; fileRef = 6324D3031CE72E5D001934A5 /* TuneExerciseViewController.swift */; };
		6324D3071CE72F8D001934A5 /* FirstStage.xcdatamodeld in Sources */ = {isa = PBXBuildFile; fileRef = 6324D2D91CE71B1A001934A5 /* FirstStage.xcdatamodeld */; };
		6324D3091CE72F8D001934A5 /* TuneExerciseViewController.swift in Sources */ = {isa = PBXBuildFile; fileRef = 6324D3031CE72E5D001934A5 /* TuneExerciseViewController.swift */; };
		6324D30A1CE72F8D001934A5 /* AppDelegate.swift in Sources */ = {isa = PBXBuildFile; fileRef = 6324D2D21CE71B19001934A5 /* AppDelegate.swift */; };
		6324D30D1CE72F8D001934A5 /* LaunchScreen.storyboard in Resources */ = {isa = PBXBuildFile; fileRef = 6324D2DE1CE71B1A001934A5 /* LaunchScreen.storyboard */; };
		6324D30E1CE72F8D001934A5 /* Assets.xcassets in Resources */ = {isa = PBXBuildFile; fileRef = 6324D2DC1CE71B1A001934A5 /* Assets.xcassets */; };
		6324D30F1CE72F8D001934A5 /* Main.storyboard in Resources */ = {isa = PBXBuildFile; fileRef = 6324D2D61CE71B19001934A5 /* Main.storyboard */; };
		6324D3161CE73234001934A5 /* SeeScoreLib.framework in Frameworks */ = {isa = PBXBuildFile; fileRef = 6324D3151CE73234001934A5 /* SeeScoreLib.framework */; };
		6324D3171CE73234001934A5 /* SeeScoreLib.framework in Embed Frameworks */ = {isa = PBXBuildFile; fileRef = 6324D3151CE73234001934A5 /* SeeScoreLib.framework */; settings = {ATTRIBUTES = (CodeSignOnCopy, RemoveHeadersOnCopy, ); }; };
		6324D31A1CE7327F001934A5 /* SeeScoreLib.framework in Frameworks */ = {isa = PBXBuildFile; fileRef = 6324D3191CE7327F001934A5 /* SeeScoreLib.framework */; };
		6324D31B1CE7327F001934A5 /* SeeScoreLib.framework in Embed Frameworks */ = {isa = PBXBuildFile; fileRef = 6324D3191CE7327F001934A5 /* SeeScoreLib.framework */; settings = {ATTRIBUTES = (CodeSignOnCopy, RemoveHeadersOnCopy, ); }; };
		6324D35E1CE73C47001934A5 /* SSScrollView.m in Sources */ = {isa = PBXBuildFile; fileRef = 6324D3501CE73C47001934A5 /* SSScrollView.m */; };
		6324D35F1CE73C47001934A5 /* SSScrollView.m in Sources */ = {isa = PBXBuildFile; fileRef = 6324D3501CE73C47001934A5 /* SSScrollView.m */; };
		6324D3601CE73C47001934A5 /* SSSystemView.m in Sources */ = {isa = PBXBuildFile; fileRef = 6324D3511CE73C47001934A5 /* SSSystemView.m */; };
		6324D3611CE73C47001934A5 /* SSSystemView.m in Sources */ = {isa = PBXBuildFile; fileRef = 6324D3511CE73C47001934A5 /* SSSystemView.m */; };
		6324D3621CE73C47001934A5 /* First Stage_key.m in Sources */ = {isa = PBXBuildFile; fileRef = 6324D3531CE73C47001934A5 /* First Stage_key.m */; };
		6324D3631CE73C47001934A5 /* First Stage_key.m in Sources */ = {isa = PBXBuildFile; fileRef = 6324D3531CE73C47001934A5 /* First Stage_key.m */; };
		6324D3641CE73C47001934A5 /* SSPlayLoopGraphics.m in Sources */ = {isa = PBXBuildFile; fileRef = 6324D3581CE73C47001934A5 /* SSPlayLoopGraphics.m */; };
		6324D3651CE73C47001934A5 /* SSPlayLoopGraphics.m in Sources */ = {isa = PBXBuildFile; fileRef = 6324D3581CE73C47001934A5 /* SSPlayLoopGraphics.m */; };
		6324D36E1CE73ED9001934A5 /* MusicFont.swift in Sources */ = {isa = PBXBuildFile; fileRef = 6324D3671CE73ED9001934A5 /* MusicFont.swift */; };
		6324D36F1CE73ED9001934A5 /* MusicFont.swift in Sources */ = {isa = PBXBuildFile; fileRef = 6324D3671CE73ED9001934A5 /* MusicFont.swift */; };
		6324D3701CE73ED9001934A5 /* NoteService.swift in Sources */ = {isa = PBXBuildFile; fileRef = 6324D3681CE73ED9001934A5 /* NoteService.swift */; };
		6324D3711CE73ED9001934A5 /* NoteService.swift in Sources */ = {isa = PBXBuildFile; fileRef = 6324D3681CE73ED9001934A5 /* NoteService.swift */; };
		6324D3721CE73ED9001934A5 /* Enums.swift in Sources */ = {isa = PBXBuildFile; fileRef = 6324D3691CE73ED9001934A5 /* Enums.swift */; };
		6324D3731CE73ED9001934A5 /* Enums.swift in Sources */ = {isa = PBXBuildFile; fileRef = 6324D3691CE73ED9001934A5 /* Enums.swift */; };
		6324D3741CE73ED9001934A5 /* Exercise.swift in Sources */ = {isa = PBXBuildFile; fileRef = 6324D36A1CE73ED9001934A5 /* Exercise.swift */; };
		6324D3751CE73ED9001934A5 /* Exercise.swift in Sources */ = {isa = PBXBuildFile; fileRef = 6324D36A1CE73ED9001934A5 /* Exercise.swift */; };
		6324D3761CE73ED9001934A5 /* Measure.swift in Sources */ = {isa = PBXBuildFile; fileRef = 6324D36B1CE73ED9001934A5 /* Measure.swift */; };
		6324D3771CE73ED9001934A5 /* Measure.swift in Sources */ = {isa = PBXBuildFile; fileRef = 6324D36B1CE73ED9001934A5 /* Measure.swift */; };
		6324D3781CE73ED9001934A5 /* Note.swift in Sources */ = {isa = PBXBuildFile; fileRef = 6324D36C1CE73ED9001934A5 /* Note.swift */; };
		6324D3791CE73ED9001934A5 /* Note.swift in Sources */ = {isa = PBXBuildFile; fileRef = 6324D36C1CE73ED9001934A5 /* Note.swift */; };
		6324D37A1CE73ED9001934A5 /* NoteOffset.swift in Sources */ = {isa = PBXBuildFile; fileRef = 6324D36D1CE73ED9001934A5 /* NoteOffset.swift */; };
		6324D37B1CE73ED9001934A5 /* NoteOffset.swift in Sources */ = {isa = PBXBuildFile; fileRef = 6324D36D1CE73ED9001934A5 /* NoteOffset.swift */; };
		6324D37D1CE73F22001934A5 /* MusicXMLService.swift in Sources */ = {isa = PBXBuildFile; fileRef = 6324D37C1CE73F22001934A5 /* MusicXMLService.swift */; };
		6324D37E1CE73F22001934A5 /* MusicXMLService.swift in Sources */ = {isa = PBXBuildFile; fileRef = 6324D37C1CE73F22001934A5 /* MusicXMLService.swift */; };
		633C2ADA1CE80DA5001C5C16 /* PracticeViewController.swift in Sources */ = {isa = PBXBuildFile; fileRef = 633C2AD91CE80DA5001C5C16 /* PracticeViewController.swift */; };
		633C2ADB1CE80DA5001C5C16 /* PracticeViewController.swift in Sources */ = {isa = PBXBuildFile; fileRef = 633C2AD91CE80DA5001C5C16 /* PracticeViewController.swift */; };
		633C2ADD1CE813E7001C5C16 /* XML Tunes in Resources */ = {isa = PBXBuildFile; fileRef = 633C2ADC1CE813E7001C5C16 /* XML Tunes */; };
		633C2ADE1CE813E7001C5C16 /* XML Tunes in Resources */ = {isa = PBXBuildFile; fileRef = 633C2ADC1CE813E7001C5C16 /* XML Tunes */; };
		633C2AE11CE86915001C5C16 /* Constants.swift in Sources */ = {isa = PBXBuildFile; fileRef = 633C2AE01CE86915001C5C16 /* Constants.swift */; };
		633C2AE21CE86915001C5C16 /* Constants.swift in Sources */ = {isa = PBXBuildFile; fileRef = 633C2AE01CE86915001C5C16 /* Constants.swift */; };
		633C2AE41CE86CF4001C5C16 /* SettingsViewController.swift in Sources */ = {isa = PBXBuildFile; fileRef = 633C2AE31CE86CF4001C5C16 /* SettingsViewController.swift */; };
		633C2AE51CE86CF4001C5C16 /* SettingsViewController.swift in Sources */ = {isa = PBXBuildFile; fileRef = 633C2AE31CE86CF4001C5C16 /* SettingsViewController.swift */; };
		633CA1D31CF73D0C00061F3D /* GreenSmile.png in Resources */ = {isa = PBXBuildFile; fileRef = 633CA1D01CF73D0C00061F3D /* GreenSmile.png */; };
		633CA1D41CF73D0C00061F3D /* FarArrow.png in Resources */ = {isa = PBXBuildFile; fileRef = 633CA1D11CF73D0C00061F3D /* FarArrow.png */; };
		633CA1D51CF73D0C00061F3D /* NearArrow.png in Resources */ = {isa = PBXBuildFile; fileRef = 633CA1D21CF73D0C00061F3D /* NearArrow.png */; };
		633CA1D91CF73D1100061F3D /* GreenSmile.png in Resources */ = {isa = PBXBuildFile; fileRef = 633CA1D01CF73D0C00061F3D /* GreenSmile.png */; };
		633CA1DA1CF73D1600061F3D /* FarArrow.png in Resources */ = {isa = PBXBuildFile; fileRef = 633CA1D11CF73D0C00061F3D /* FarArrow.png */; };
		633CA1DB1CF73D1A00061F3D /* NearArrow.png in Resources */ = {isa = PBXBuildFile; fileRef = 633CA1D21CF73D0C00061F3D /* NearArrow.png */; };
		633D1B6D1CF94BEC00B5C4FD /* FeedbackView.swift in Sources */ = {isa = PBXBuildFile; fileRef = 633D1B6C1CF94BEC00B5C4FD /* FeedbackView.swift */; };
		633D1B711CF94BF000B5C4FD /* FeedbackView.swift in Sources */ = {isa = PBXBuildFile; fileRef = 633D1B6C1CF94BEC00B5C4FD /* FeedbackView.swift */; };
		633D1B731CF94CEB00B5C4FD /* FeedbackImage.png in Resources */ = {isa = PBXBuildFile; fileRef = 633D1B721CF94CEB00B5C4FD /* FeedbackImage.png */; };
		633D1B741CF9588700B5C4FD /* FeedbackImage.png in Resources */ = {isa = PBXBuildFile; fileRef = 633D1B721CF94CEB00B5C4FD /* FeedbackImage.png */; };
		634658381E90BE4F00C162CF /* synth-samples in Resources */ = {isa = PBXBuildFile; fileRef = 634658371E90BE4F00C162CF /* synth-samples */; };
		6355ECF71CF68EB70037945F /* marmstk1.wav in Resources */ = {isa = PBXBuildFile; fileRef = 6355ECF61CF68EB60037945F /* marmstk1.wav */; };
		6355ECF81CF68EB70037945F /* marmstk1.wav in Resources */ = {isa = PBXBuildFile; fileRef = 6355ECF61CF68EB60037945F /* marmstk1.wav */; };
		6379EE7D1CE95CDF00188A70 /* NoteAnalysis.swift in Sources */ = {isa = PBXBuildFile; fileRef = 6379EE7C1CE95CDF00188A70 /* NoteAnalysis.swift */; };
		6379EE7E1CE95CDF00188A70 /* NoteAnalysis.swift in Sources */ = {isa = PBXBuildFile; fileRef = 6379EE7C1CE95CDF00188A70 /* NoteAnalysis.swift */; };
		6379EE911CE9C8ED00188A70 /* AudioKitManager.swift in Sources */ = {isa = PBXBuildFile; fileRef = 6379EE901CE9C8ED00188A70 /* AudioKitManager.swift */; };
		6379EE921CE9C8ED00188A70 /* AudioKitManager.swift in Sources */ = {isa = PBXBuildFile; fileRef = 6379EE901CE9C8ED00188A70 /* AudioKitManager.swift */; };
		638129501CF05BF800A40C8E /* LongToneViewController.swift in Sources */ = {isa = PBXBuildFile; fileRef = 6381294F1CF05BF800A40C8E /* LongToneViewController.swift */; };
		638129511CF05BF800A40C8E /* LongToneViewController.swift in Sources */ = {isa = PBXBuildFile; fileRef = 6381294F1CF05BF800A40C8E /* LongToneViewController.swift */; };
		638129581CF05C7900A40C8E /* Balloon.swift in Sources */ = {isa = PBXBuildFile; fileRef = 638129561CF05C7900A40C8E /* Balloon.swift */; };
		638129591CF05C7900A40C8E /* Balloon.swift in Sources */ = {isa = PBXBuildFile; fileRef = 638129561CF05C7900A40C8E /* Balloon.swift */; };
		6381295A1CF05C7900A40C8E /* SparkLine.swift in Sources */ = {isa = PBXBuildFile; fileRef = 638129571CF05C7900A40C8E /* SparkLine.swift */; };
		6381295B1CF05C7900A40C8E /* SparkLine.swift in Sources */ = {isa = PBXBuildFile; fileRef = 638129571CF05C7900A40C8E /* SparkLine.swift */; };
		639A2E451CF5AB09004F7B1A /* DotView.swift in Sources */ = {isa = PBXBuildFile; fileRef = 639A2E441CF5AB09004F7B1A /* DotView.swift */; };
		639A2E461CF5AB09004F7B1A /* DotView.swift in Sources */ = {isa = PBXBuildFile; fileRef = 639A2E441CF5AB09004F7B1A /* DotView.swift */; };
		639A2E541CF5E6CA004F7B1A /* VisualMetronomeView.swift in Sources */ = {isa = PBXBuildFile; fileRef = 639A2E531CF5E6CA004F7B1A /* VisualMetronomeView.swift */; };
		639A2E551CF5E6CA004F7B1A /* VisualMetronomeView.swift in Sources */ = {isa = PBXBuildFile; fileRef = 639A2E531CF5E6CA004F7B1A /* VisualMetronomeView.swift */; };
		63B427591E5016AB000E35AA /* Intonation.swift in Sources */ = {isa = PBXBuildFile; fileRef = 63B427581E5016AB000E35AA /* Intonation.swift */; };
		63B4275A1E505573000E35AA /* Intonation.swift in Sources */ = {isa = PBXBuildFile; fileRef = 63B427581E5016AB000E35AA /* Intonation.swift */; };
		63B4275C1E5057BB000E35AA /* SSSettingsViewController.swift in Sources */ = {isa = PBXBuildFile; fileRef = 63B4275B1E5057BB000E35AA /* SSSettingsViewController.swift */; };
		63B4275D1E5057C2000E35AA /* SSSettingsViewController.swift in Sources */ = {isa = PBXBuildFile; fileRef = 63B4275B1E5057BB000E35AA /* SSSettingsViewController.swift */; };
		63C03ABA1E2A0B11009F4033 /* AudioKit.framework in Frameworks */ = {isa = PBXBuildFile; fileRef = 63C03AB91E2A0B11009F4033 /* AudioKit.framework */; };
		63C03ABB1E2A0B11009F4033 /* AudioKit.framework in Embed Frameworks */ = {isa = PBXBuildFile; fileRef = 63C03AB91E2A0B11009F4033 /* AudioKit.framework */; settings = {ATTRIBUTES = (CodeSignOnCopy, RemoveHeadersOnCopy, ); }; };
		63C03ABF1E2A0C43009F4033 /* AudioKit.framework in Frameworks */ = {isa = PBXBuildFile; fileRef = 63C03AB91E2A0B11009F4033 /* AudioKit.framework */; };
		63EB90171CF1C4EB00F09B05 /* AVAudioSessionManager.swift in Sources */ = {isa = PBXBuildFile; fileRef = 63EB90161CF1C4EB00F09B05 /* AVAudioSessionManager.swift */; };
		63EB90181CF1C4EC00F09B05 /* AVAudioSessionManager.swift in Sources */ = {isa = PBXBuildFile; fileRef = 63EB90161CF1C4EB00F09B05 /* AVAudioSessionManager.swift */; };
		63EE547D1E62A2F000F5E21D /* AudioKit.framework in Embed Frameworks */ = {isa = PBXBuildFile; fileRef = 63C03AB91E2A0B11009F4033 /* AudioKit.framework */; settings = {ATTRIBUTES = (CodeSignOnCopy, RemoveHeadersOnCopy, ); }; };
/* End PBXBuildFile section */

/* Begin PBXContainerItemProxy section */
		6324D2E71CE71B1A001934A5 /* PBXContainerItemProxy */ = {
			isa = PBXContainerItemProxy;
			containerPortal = 6324D2C71CE71B19001934A5 /* Project object */;
			proxyType = 1;
			remoteGlobalIDString = 6324D2CE1CE71B19001934A5;
			remoteInfo = FirstStage;
		};
		6324D2F21CE71B1A001934A5 /* PBXContainerItemProxy */ = {
			isa = PBXContainerItemProxy;
			containerPortal = 6324D2C71CE71B19001934A5 /* Project object */;
			proxyType = 1;
			remoteGlobalIDString = 6324D2CE1CE71B19001934A5;
			remoteInfo = FirstStage;
		};
/* End PBXContainerItemProxy section */

/* Begin PBXCopyFilesBuildPhase section */
		6324D3181CE73234001934A5 /* Embed Frameworks */ = {
			isa = PBXCopyFilesBuildPhase;
			buildActionMask = 2147483647;
			dstPath = "";
			dstSubfolderSpec = 10;
			files = (
				63C03ABB1E2A0B11009F4033 /* AudioKit.framework in Embed Frameworks */,
				6324D3171CE73234001934A5 /* SeeScoreLib.framework in Embed Frameworks */,
			);
			name = "Embed Frameworks";
			runOnlyForDeploymentPostprocessing = 0;
		};
		6324D31C1CE7327F001934A5 /* Embed Frameworks */ = {
			isa = PBXCopyFilesBuildPhase;
			buildActionMask = 2147483647;
			dstPath = "";
			dstSubfolderSpec = 10;
			files = (
				63EE547D1E62A2F000F5E21D /* AudioKit.framework in Embed Frameworks */,
				6324D31B1CE7327F001934A5 /* SeeScoreLib.framework in Embed Frameworks */,
			);
			name = "Embed Frameworks";
			runOnlyForDeploymentPostprocessing = 0;
		};
/* End PBXCopyFilesBuildPhase section */

/* Begin PBXFileReference section */
		6324D2CF1CE71B19001934A5 /* FirstStage.app */ = {isa = PBXFileReference; explicitFileType = wrapper.application; includeInIndex = 0; path = FirstStage.app; sourceTree = BUILT_PRODUCTS_DIR; };
		6324D2D21CE71B19001934A5 /* AppDelegate.swift */ = {isa = PBXFileReference; lastKnownFileType = sourcecode.swift; path = AppDelegate.swift; sourceTree = "<group>"; };
		6324D2D71CE71B19001934A5 /* Base */ = {isa = PBXFileReference; lastKnownFileType = file.storyboard; name = Base; path = Base.lproj/Main.storyboard; sourceTree = "<group>"; };
		6324D2DA1CE71B1A001934A5 /* FirstStage.xcdatamodel */ = {isa = PBXFileReference; lastKnownFileType = wrapper.xcdatamodel; path = FirstStage.xcdatamodel; sourceTree = "<group>"; };
		6324D2DC1CE71B1A001934A5 /* Assets.xcassets */ = {isa = PBXFileReference; lastKnownFileType = folder.assetcatalog; path = Assets.xcassets; sourceTree = "<group>"; };
		6324D2DF1CE71B1A001934A5 /* Base */ = {isa = PBXFileReference; lastKnownFileType = file.storyboard; name = Base; path = Base.lproj/LaunchScreen.storyboard; sourceTree = "<group>"; };
		6324D2E11CE71B1A001934A5 /* Info.plist */ = {isa = PBXFileReference; lastKnownFileType = text.plist.xml; path = Info.plist; sourceTree = "<group>"; };
		6324D2E61CE71B1A001934A5 /* FirstStageTests.xctest */ = {isa = PBXFileReference; explicitFileType = wrapper.cfbundle; includeInIndex = 0; path = FirstStageTests.xctest; sourceTree = BUILT_PRODUCTS_DIR; };
		6324D2EA1CE71B1A001934A5 /* FirstStageTests.swift */ = {isa = PBXFileReference; lastKnownFileType = sourcecode.swift; path = FirstStageTests.swift; sourceTree = "<group>"; };
		6324D2EC1CE71B1A001934A5 /* Info.plist */ = {isa = PBXFileReference; lastKnownFileType = text.plist.xml; path = Info.plist; sourceTree = "<group>"; };
		6324D2F11CE71B1A001934A5 /* FirstStageUITests.xctest */ = {isa = PBXFileReference; explicitFileType = wrapper.cfbundle; includeInIndex = 0; path = FirstStageUITests.xctest; sourceTree = BUILT_PRODUCTS_DIR; };
		6324D2F51CE71B1A001934A5 /* FirstStageUITests.swift */ = {isa = PBXFileReference; lastKnownFileType = sourcecode.swift; path = FirstStageUITests.swift; sourceTree = "<group>"; };
		6324D2F71CE71B1A001934A5 /* Info.plist */ = {isa = PBXFileReference; lastKnownFileType = text.plist.xml; path = Info.plist; sourceTree = "<group>"; };
		6324D3031CE72E5D001934A5 /* TuneExerciseViewController.swift */ = {isa = PBXFileReference; fileEncoding = 4; lastKnownFileType = sourcecode.swift; path = TuneExerciseViewController.swift; sourceTree = "<group>"; };
		6324D3131CE72F8D001934A5 /* FirstStage-debug.app */ = {isa = PBXFileReference; explicitFileType = wrapper.application; includeInIndex = 0; path = "FirstStage-debug.app"; sourceTree = BUILT_PRODUCTS_DIR; };
		6324D3151CE73234001934A5 /* SeeScoreLib.framework */ = {isa = PBXFileReference; lastKnownFileType = wrapper.framework; name = SeeScoreLib.framework; path = SeeScoreLib/Universal/SeeScoreLib.framework; sourceTree = "<group>"; };
		6324D3191CE7327F001934A5 /* SeeScoreLib.framework */ = {isa = PBXFileReference; lastKnownFileType = wrapper.framework; name = SeeScoreLib.framework; path = "SeeScoreLib/AppStore-Release/SeeScoreLib.framework"; sourceTree = "<group>"; };
		6324D31E1CE73574001934A5 /* FirstStage-Bridging-Header.h */ = {isa = PBXFileReference; lastKnownFileType = sourcecode.c.h; path = "FirstStage-Bridging-Header.h"; sourceTree = "<group>"; };
		6324D34E1CE73C46001934A5 /* sampledInstruments.h */ = {isa = PBXFileReference; fileEncoding = 4; lastKnownFileType = sourcecode.c.h; name = sampledInstruments.h; path = SeeScoreLib/Source/sampledInstruments.h; sourceTree = SOURCE_ROOT; };
		6324D34F1CE73C47001934A5 /* sampledInstruments.m */ = {isa = PBXFileReference; fileEncoding = 4; lastKnownFileType = sourcecode.c.objc; name = sampledInstruments.m; path = SeeScoreLib/Source/sampledInstruments.m; sourceTree = SOURCE_ROOT; };
		6324D3501CE73C47001934A5 /* SSScrollView.m */ = {isa = PBXFileReference; fileEncoding = 4; lastKnownFileType = sourcecode.c.objc; name = SSScrollView.m; path = SeeScoreLib/Source/SSScrollView.m; sourceTree = SOURCE_ROOT; };
		6324D3511CE73C47001934A5 /* SSSystemView.m */ = {isa = PBXFileReference; fileEncoding = 4; lastKnownFileType = sourcecode.c.objc; name = SSSystemView.m; path = SeeScoreLib/Source/SSSystemView.m; sourceTree = SOURCE_ROOT; };
		6324D3521CE73C47001934A5 /* SSScrollView.h */ = {isa = PBXFileReference; fileEncoding = 4; lastKnownFileType = sourcecode.c.h; name = SSScrollView.h; path = SeeScoreLib/Source/SSScrollView.h; sourceTree = SOURCE_ROOT; };
		6324D3531CE73C47001934A5 /* First Stage_key.m */ = {isa = PBXFileReference; fileEncoding = 4; lastKnownFileType = sourcecode.c.objc; name = "First Stage_key.m"; path = "SeeScoreLib/Source/First Stage_key.m"; sourceTree = SOURCE_ROOT; };
		6324D3541CE73C47001934A5 /* SSBarControlProtocol.h */ = {isa = PBXFileReference; fileEncoding = 4; lastKnownFileType = sourcecode.c.h; name = SSBarControlProtocol.h; path = SeeScoreLib/Source/SSBarControlProtocol.h; sourceTree = SOURCE_ROOT; };
		6324D3551CE73C47001934A5 /* sscore_key.h */ = {isa = PBXFileReference; fileEncoding = 4; lastKnownFileType = sourcecode.c.h; name = sscore_key.h; path = SeeScoreLib/Source/sscore_key.h; sourceTree = SOURCE_ROOT; };
		6324D3571CE73C47001934A5 /* SSPlayLoopGraphics.h */ = {isa = PBXFileReference; fileEncoding = 4; lastKnownFileType = sourcecode.c.h; name = SSPlayLoopGraphics.h; path = SeeScoreLib/Source/SSPlayLoopGraphics.h; sourceTree = SOURCE_ROOT; };
		6324D3581CE73C47001934A5 /* SSPlayLoopGraphics.m */ = {isa = PBXFileReference; fileEncoding = 4; lastKnownFileType = sourcecode.c.objc; name = SSPlayLoopGraphics.m; path = SeeScoreLib/Source/SSPlayLoopGraphics.m; sourceTree = SOURCE_ROOT; };
		6324D3591CE73C47001934A5 /* SSSystemView.h */ = {isa = PBXFileReference; fileEncoding = 4; lastKnownFileType = sourcecode.c.h; name = SSSystemView.h; path = SeeScoreLib/Source/SSSystemView.h; sourceTree = SOURCE_ROOT; };
		6324D35A1CE73C47001934A5 /* SSUpdateScrollProtocol.h */ = {isa = PBXFileReference; fileEncoding = 4; lastKnownFileType = sourcecode.c.h; name = SSUpdateScrollProtocol.h; path = SeeScoreLib/Source/SSUpdateScrollProtocol.h; sourceTree = SOURCE_ROOT; };
		6324D3671CE73ED9001934A5 /* MusicFont.swift */ = {isa = PBXFileReference; fileEncoding = 4; lastKnownFileType = sourcecode.swift; path = MusicFont.swift; sourceTree = "<group>"; };
		6324D3681CE73ED9001934A5 /* NoteService.swift */ = {isa = PBXFileReference; fileEncoding = 4; lastKnownFileType = sourcecode.swift; path = NoteService.swift; sourceTree = "<group>"; };
		6324D3691CE73ED9001934A5 /* Enums.swift */ = {isa = PBXFileReference; fileEncoding = 4; lastKnownFileType = sourcecode.swift; path = Enums.swift; sourceTree = "<group>"; };
		6324D36A1CE73ED9001934A5 /* Exercise.swift */ = {isa = PBXFileReference; fileEncoding = 4; lastKnownFileType = sourcecode.swift; path = Exercise.swift; sourceTree = "<group>"; };
		6324D36B1CE73ED9001934A5 /* Measure.swift */ = {isa = PBXFileReference; fileEncoding = 4; lastKnownFileType = sourcecode.swift; path = Measure.swift; sourceTree = "<group>"; };
		6324D36C1CE73ED9001934A5 /* Note.swift */ = {isa = PBXFileReference; fileEncoding = 4; lastKnownFileType = sourcecode.swift; path = Note.swift; sourceTree = "<group>"; };
		6324D36D1CE73ED9001934A5 /* NoteOffset.swift */ = {isa = PBXFileReference; fileEncoding = 4; lastKnownFileType = sourcecode.swift; path = NoteOffset.swift; sourceTree = "<group>"; };
		6324D37C1CE73F22001934A5 /* MusicXMLService.swift */ = {isa = PBXFileReference; fileEncoding = 4; lastKnownFileType = sourcecode.swift; path = MusicXMLService.swift; sourceTree = "<group>"; };
		633C2AD91CE80DA5001C5C16 /* PracticeViewController.swift */ = {isa = PBXFileReference; fileEncoding = 4; lastKnownFileType = sourcecode.swift; path = PracticeViewController.swift; sourceTree = "<group>"; };
		633C2ADC1CE813E7001C5C16 /* XML Tunes */ = {isa = PBXFileReference; lastKnownFileType = folder; path = "XML Tunes"; sourceTree = "<group>"; };
		633C2AE01CE86915001C5C16 /* Constants.swift */ = {isa = PBXFileReference; fileEncoding = 4; lastKnownFileType = sourcecode.swift; path = Constants.swift; sourceTree = "<group>"; };
		633C2AE31CE86CF4001C5C16 /* SettingsViewController.swift */ = {isa = PBXFileReference; fileEncoding = 4; lastKnownFileType = sourcecode.swift; path = SettingsViewController.swift; sourceTree = "<group>"; };
		633CA1D01CF73D0C00061F3D /* GreenSmile.png */ = {isa = PBXFileReference; lastKnownFileType = image.png; name = GreenSmile.png; path = Images/GreenSmile.png; sourceTree = "<group>"; };
		633CA1D11CF73D0C00061F3D /* FarArrow.png */ = {isa = PBXFileReference; lastKnownFileType = image.png; name = FarArrow.png; path = Images/FarArrow.png; sourceTree = "<group>"; };
		633CA1D21CF73D0C00061F3D /* NearArrow.png */ = {isa = PBXFileReference; lastKnownFileType = image.png; name = NearArrow.png; path = Images/NearArrow.png; sourceTree = "<group>"; };
		633D1B6C1CF94BEC00B5C4FD /* FeedbackView.swift */ = {isa = PBXFileReference; fileEncoding = 4; lastKnownFileType = sourcecode.swift; path = FeedbackView.swift; sourceTree = "<group>"; };
		633D1B721CF94CEB00B5C4FD /* FeedbackImage.png */ = {isa = PBXFileReference; lastKnownFileType = image.png; name = FeedbackImage.png; path = Images/FeedbackImage.png; sourceTree = "<group>"; };
		634658371E90BE4F00C162CF /* synth-samples */ = {isa = PBXFileReference; lastKnownFileType = folder; path = "synth-samples"; sourceTree = "<group>"; };
		6355ECF61CF68EB60037945F /* marmstk1.wav */ = {isa = PBXFileReference; lastKnownFileType = audio.wav; path = marmstk1.wav; sourceTree = "<group>"; };
		636462131E74EB9100DB435C /* SSViewInterface.h */ = {isa = PBXFileReference; fileEncoding = 4; lastKnownFileType = sourcecode.c.h; path = SSViewInterface.h; sourceTree = "<group>"; };
		6379EE7C1CE95CDF00188A70 /* NoteAnalysis.swift */ = {isa = PBXFileReference; fileEncoding = 4; lastKnownFileType = sourcecode.swift; path = NoteAnalysis.swift; sourceTree = "<group>"; };
		6379EE901CE9C8ED00188A70 /* AudioKitManager.swift */ = {isa = PBXFileReference; fileEncoding = 4; lastKnownFileType = sourcecode.swift; path = AudioKitManager.swift; sourceTree = "<group>"; };
		6381294F1CF05BF800A40C8E /* LongToneViewController.swift */ = {isa = PBXFileReference; fileEncoding = 4; lastKnownFileType = sourcecode.swift; path = LongToneViewController.swift; sourceTree = "<group>"; };
		638129561CF05C7900A40C8E /* Balloon.swift */ = {isa = PBXFileReference; fileEncoding = 4; lastKnownFileType = sourcecode.swift; path = Balloon.swift; sourceTree = "<group>"; };
		638129571CF05C7900A40C8E /* SparkLine.swift */ = {isa = PBXFileReference; fileEncoding = 4; lastKnownFileType = sourcecode.swift; path = SparkLine.swift; sourceTree = "<group>"; };
		639A2E441CF5AB09004F7B1A /* DotView.swift */ = {isa = PBXFileReference; fileEncoding = 4; lastKnownFileType = sourcecode.swift; path = DotView.swift; sourceTree = "<group>"; };
		639A2E531CF5E6CA004F7B1A /* VisualMetronomeView.swift */ = {isa = PBXFileReference; fileEncoding = 4; lastKnownFileType = sourcecode.swift; path = VisualMetronomeView.swift; sourceTree = "<group>"; };
		63B427581E5016AB000E35AA /* Intonation.swift */ = {isa = PBXFileReference; fileEncoding = 4; lastKnownFileType = sourcecode.swift; path = Intonation.swift; sourceTree = "<group>"; };
		63B4275B1E5057BB000E35AA /* SSSettingsViewController.swift */ = {isa = PBXFileReference; fileEncoding = 4; lastKnownFileType = sourcecode.swift; path = SSSettingsViewController.swift; sourceTree = "<group>"; };
		63C03AB91E2A0B11009F4033 /* AudioKit.framework */ = {isa = PBXFileReference; lastKnownFileType = wrapper.framework; path = AudioKit.framework; sourceTree = "<group>"; };
		63EB90161CF1C4EB00F09B05 /* AVAudioSessionManager.swift */ = {isa = PBXFileReference; fileEncoding = 4; lastKnownFileType = sourcecode.swift; path = AVAudioSessionManager.swift; sourceTree = "<group>"; };
/* End PBXFileReference section */

/* Begin PBXFrameworksBuildPhase section */
		6324D2CC1CE71B19001934A5 /* Frameworks */ = {
			isa = PBXFrameworksBuildPhase;
			buildActionMask = 2147483647;
			files = (
				63C03ABF1E2A0C43009F4033 /* AudioKit.framework in Frameworks */,
				6324D31A1CE7327F001934A5 /* SeeScoreLib.framework in Frameworks */,
			);
			runOnlyForDeploymentPostprocessing = 0;
		};
		6324D2E31CE71B1A001934A5 /* Frameworks */ = {
			isa = PBXFrameworksBuildPhase;
			buildActionMask = 2147483647;
			files = (
			);
			runOnlyForDeploymentPostprocessing = 0;
		};
		6324D2EE1CE71B1A001934A5 /* Frameworks */ = {
			isa = PBXFrameworksBuildPhase;
			buildActionMask = 2147483647;
			files = (
			);
			runOnlyForDeploymentPostprocessing = 0;
		};
		6324D30B1CE72F8D001934A5 /* Frameworks */ = {
			isa = PBXFrameworksBuildPhase;
			buildActionMask = 2147483647;
			files = (
				63C03ABA1E2A0B11009F4033 /* AudioKit.framework in Frameworks */,
				6324D3161CE73234001934A5 /* SeeScoreLib.framework in Frameworks */,
			);
			runOnlyForDeploymentPostprocessing = 0;
		};
/* End PBXFrameworksBuildPhase section */

/* Begin PBXGroup section */
		6324D2C61CE71B19001934A5 = {
			isa = PBXGroup;
			children = (
				6324D2D11CE71B19001934A5 /* FirstStage */,
				6324D31D1CE7329A001934A5 /* Frameworks */,
				6324D2E91CE71B1A001934A5 /* FirstStageTests */,
				6324D2F41CE71B1A001934A5 /* FirstStageUITests */,
				6324D2D01CE71B19001934A5 /* Products */,
			);
			sourceTree = "<group>";
		};
		6324D2D01CE71B19001934A5 /* Products */ = {
			isa = PBXGroup;
			children = (
				6324D3131CE72F8D001934A5 /* FirstStage-debug.app */,
				6324D2CF1CE71B19001934A5 /* FirstStage.app */,
				6324D2E61CE71B1A001934A5 /* FirstStageTests.xctest */,
				6324D2F11CE71B1A001934A5 /* FirstStageUITests.xctest */,
			);
			name = Products;
			sourceTree = "<group>";
		};
		6324D2D11CE71B19001934A5 /* FirstStage */ = {
			isa = PBXGroup;
			children = (
				6324D3661CE73ECB001934A5 /* Brain */,
				633C2ADF1CE81402001C5C16 /* Data */,
				6324D3341CE7358C001934A5 /* SeeScore */,
				6387FDE61CEDB5110054DE44 /* Supporting Files */,
				6324D2D21CE71B19001934A5 /* AppDelegate.swift */,
				6324D2D61CE71B19001934A5 /* Main.storyboard */,
				6324D2DC1CE71B1A001934A5 /* Assets.xcassets */,
				6324D2DE1CE71B1A001934A5 /* LaunchScreen.storyboard */,
				6324D2E11CE71B1A001934A5 /* Info.plist */,
				6324D2D91CE71B1A001934A5 /* FirstStage.xcdatamodeld */,
				638129551CF05C6100A40C8E /* Views */,
				633C2AD81CE80D80001C5C16 /* View Controllers */,
			);
			path = FirstStage;
			sourceTree = "<group>";
		};
		6324D2E91CE71B1A001934A5 /* FirstStageTests */ = {
			isa = PBXGroup;
			children = (
				6324D2EA1CE71B1A001934A5 /* FirstStageTests.swift */,
				6324D2EC1CE71B1A001934A5 /* Info.plist */,
			);
			path = FirstStageTests;
			sourceTree = "<group>";
		};
		6324D2F41CE71B1A001934A5 /* FirstStageUITests */ = {
			isa = PBXGroup;
			children = (
				6324D2F51CE71B1A001934A5 /* FirstStageUITests.swift */,
				6324D2F71CE71B1A001934A5 /* Info.plist */,
			);
			path = FirstStageUITests;
			sourceTree = "<group>";
		};
		6324D31D1CE7329A001934A5 /* Frameworks */ = {
			isa = PBXGroup;
			children = (
				63C03AB91E2A0B11009F4033 /* AudioKit.framework */,
				6324D3191CE7327F001934A5 /* SeeScoreLib.framework */,
				6324D3151CE73234001934A5 /* SeeScoreLib.framework */,
			);
			name = Frameworks;
			sourceTree = "<group>";
		};
		6324D3341CE7358C001934A5 /* SeeScore */ = {
			isa = PBXGroup;
			children = (
				634658371E90BE4F00C162CF /* synth-samples */,
				636462141E74EB9700DB435C /* Edit */,
				63B4275B1E5057BB000E35AA /* SSSettingsViewController.swift */,
				63B427581E5016AB000E35AA /* Intonation.swift */,
				6324D3531CE73C47001934A5 /* First Stage_key.m */,
				6324D34F1CE73C47001934A5 /* sampledInstruments.m */,
				6324D34E1CE73C46001934A5 /* sampledInstruments.h */,
				6324D3541CE73C47001934A5 /* SSBarControlProtocol.h */,
				6324D3551CE73C47001934A5 /* sscore_key.h */,
				6324D3581CE73C47001934A5 /* SSPlayLoopGraphics.m */,
				6324D3571CE73C47001934A5 /* SSPlayLoopGraphics.h */,
				6324D3501CE73C47001934A5 /* SSScrollView.m */,
				6324D3521CE73C47001934A5 /* SSScrollView.h */,
				6324D3511CE73C47001934A5 /* SSSystemView.m */,
				6324D3591CE73C47001934A5 /* SSSystemView.h */,
				6324D35A1CE73C47001934A5 /* SSUpdateScrollProtocol.h */,
			);
			name = SeeScore;
			sourceTree = "<group>";
		};
		6324D3661CE73ECB001934A5 /* Brain */ = {
			isa = PBXGroup;
			children = (
				6379EE901CE9C8ED00188A70 /* AudioKitManager.swift */,
				63EB90161CF1C4EB00F09B05 /* AVAudioSessionManager.swift */,
				633C2AE01CE86915001C5C16 /* Constants.swift */,
				6324D3691CE73ED9001934A5 /* Enums.swift */,
				6324D36A1CE73ED9001934A5 /* Exercise.swift */,
				6324D36B1CE73ED9001934A5 /* Measure.swift */,
				6324D3671CE73ED9001934A5 /* MusicFont.swift */,
				6324D37C1CE73F22001934A5 /* MusicXMLService.swift */,
				6324D36C1CE73ED9001934A5 /* Note.swift */,
				6379EE7C1CE95CDF00188A70 /* NoteAnalysis.swift */,
				6324D36D1CE73ED9001934A5 /* NoteOffset.swift */,
				6324D3681CE73ED9001934A5 /* NoteService.swift */,
			);
			name = Brain;
			sourceTree = "<group>";
		};
		633C2AD81CE80D80001C5C16 /* View Controllers */ = {
			isa = PBXGroup;
			children = (
				6381294F1CF05BF800A40C8E /* LongToneViewController.swift */,
				633C2AD91CE80DA5001C5C16 /* PracticeViewController.swift */,
				633C2AE31CE86CF4001C5C16 /* SettingsViewController.swift */,
				6324D3031CE72E5D001934A5 /* TuneExerciseViewController.swift */,
			);
			name = "View Controllers";
			sourceTree = "<group>";
		};
		633C2ADF1CE81402001C5C16 /* Data */ = {
			isa = PBXGroup;
			children = (
				633C2ADC1CE813E7001C5C16 /* XML Tunes */,
			);
			name = Data;
			sourceTree = "<group>";
		};
		636462141E74EB9700DB435C /* Edit */ = {
			isa = PBXGroup;
			children = (
				636462131E74EB9100DB435C /* SSViewInterface.h */,
			);
			name = Edit;
			sourceTree = "<group>";
		};
		638129551CF05C6100A40C8E /* Views */ = {
			isa = PBXGroup;
			children = (
				638129561CF05C7900A40C8E /* Balloon.swift */,
				639A2E441CF5AB09004F7B1A /* DotView.swift */,
				638129571CF05C7900A40C8E /* SparkLine.swift */,
				639A2E531CF5E6CA004F7B1A /* VisualMetronomeView.swift */,
				633D1B6C1CF94BEC00B5C4FD /* FeedbackView.swift */,
			);
			name = Views;
			sourceTree = "<group>";
		};
		6387FDE61CEDB5110054DE44 /* Supporting Files */ = {
			isa = PBXGroup;
			children = (
				633CA1D11CF73D0C00061F3D /* FarArrow.png */,
				633D1B721CF94CEB00B5C4FD /* FeedbackImage.png */,
				633CA1D01CF73D0C00061F3D /* GreenSmile.png */,
				6355ECF61CF68EB60037945F /* marmstk1.wav */,
				633CA1D21CF73D0C00061F3D /* NearArrow.png */,
				6324D31E1CE73574001934A5 /* FirstStage-Bridging-Header.h */,
			);
			name = "Supporting Files";
			sourceTree = "<group>";
		};
/* End PBXGroup section */

/* Begin PBXNativeTarget section */
		6324D2CE1CE71B19001934A5 /* FirstStage */ = {
			isa = PBXNativeTarget;
			buildConfigurationList = 6324D2FA1CE71B1A001934A5 /* Build configuration list for PBXNativeTarget "FirstStage" */;
			buildPhases = (
				6324D2CB1CE71B19001934A5 /* Sources */,
				6324D2CC1CE71B19001934A5 /* Frameworks */,
				6324D2CD1CE71B19001934A5 /* Resources */,
				6324D31C1CE7327F001934A5 /* Embed Frameworks */,
				6379EE871CE9C5FD00188A70 /* ShellScript */,
			);
			buildRules = (
			);
			dependencies = (
			);
			name = FirstStage;
			productName = FirstStage;
			productReference = 6324D2CF1CE71B19001934A5 /* FirstStage.app */;
			productType = "com.apple.product-type.application";
		};
		6324D2E51CE71B1A001934A5 /* FirstStageTests */ = {
			isa = PBXNativeTarget;
			buildConfigurationList = 6324D2FD1CE71B1A001934A5 /* Build configuration list for PBXNativeTarget "FirstStageTests" */;
			buildPhases = (
				6324D2E21CE71B1A001934A5 /* Sources */,
				6324D2E31CE71B1A001934A5 /* Frameworks */,
				6324D2E41CE71B1A001934A5 /* Resources */,
			);
			buildRules = (
			);
			dependencies = (
				6324D2E81CE71B1A001934A5 /* PBXTargetDependency */,
			);
			name = FirstStageTests;
			productName = FirstStageTests;
			productReference = 6324D2E61CE71B1A001934A5 /* FirstStageTests.xctest */;
			productType = "com.apple.product-type.bundle.unit-test";
		};
		6324D2F01CE71B1A001934A5 /* FirstStageUITests */ = {
			isa = PBXNativeTarget;
			buildConfigurationList = 6324D3001CE71B1A001934A5 /* Build configuration list for PBXNativeTarget "FirstStageUITests" */;
			buildPhases = (
				6324D2ED1CE71B1A001934A5 /* Sources */,
				6324D2EE1CE71B1A001934A5 /* Frameworks */,
				6324D2EF1CE71B1A001934A5 /* Resources */,
			);
			buildRules = (
			);
			dependencies = (
				6324D2F31CE71B1A001934A5 /* PBXTargetDependency */,
			);
			name = FirstStageUITests;
			productName = FirstStageUITests;
			productReference = 6324D2F11CE71B1A001934A5 /* FirstStageUITests.xctest */;
			productType = "com.apple.product-type.bundle.ui-testing";
		};
		6324D3051CE72F8D001934A5 /* FirstStage-debug */ = {
			isa = PBXNativeTarget;
			buildConfigurationList = 6324D3101CE72F8D001934A5 /* Build configuration list for PBXNativeTarget "FirstStage-debug" */;
			buildPhases = (
				6324D3061CE72F8D001934A5 /* Sources */,
				6324D30B1CE72F8D001934A5 /* Frameworks */,
				6324D30C1CE72F8D001934A5 /* Resources */,
				6324D3181CE73234001934A5 /* Embed Frameworks */,
				6379EE881CE9C63B00188A70 /* ShellScript */,
			);
			buildRules = (
			);
			dependencies = (
			);
			name = "FirstStage-debug";
			productName = FirstStage;
			productReference = 6324D3131CE72F8D001934A5 /* FirstStage-debug.app */;
			productType = "com.apple.product-type.application";
		};
/* End PBXNativeTarget section */

/* Begin PBXProject section */
		6324D2C71CE71B19001934A5 /* Project object */ = {
			isa = PBXProject;
			attributes = {
				LastSwiftUpdateCheck = 0730;
				LastUpgradeCheck = 0820;
				ORGANIZATIONNAME = Musikyoshi;
				TargetAttributes = {
					6324D2CE1CE71B19001934A5 = {
						CreatedOnToolsVersion = 7.3.1;
						DevelopmentTeam = A2SGEM86LX;
						LastSwiftMigration = 0820;
						ProvisioningStyle = Automatic;
						SystemCapabilities = {
							com.apple.BackgroundModes = {
								enabled = 0;
							};
						};
					};
					6324D2E51CE71B1A001934A5 = {
						CreatedOnToolsVersion = 7.3.1;
						LastSwiftMigration = 0820;
						TestTargetID = 6324D2CE1CE71B19001934A5;
					};
					6324D2F01CE71B1A001934A5 = {
						CreatedOnToolsVersion = 7.3.1;
						LastSwiftMigration = 0820;
						TestTargetID = 6324D2CE1CE71B19001934A5;
					};
					6324D3051CE72F8D001934A5 = {
						LastSwiftMigration = 0820;
						SystemCapabilities = {
							com.apple.BackgroundModes = {
								enabled = 0;
							};
						};
					};
				};
			};
			buildConfigurationList = 6324D2CA1CE71B19001934A5 /* Build configuration list for PBXProject "FirstStage" */;
			compatibilityVersion = "Xcode 3.2";
			developmentRegion = English;
			hasScannedForEncodings = 0;
			knownRegions = (
				en,
				Base,
			);
			mainGroup = 6324D2C61CE71B19001934A5;
			productRefGroup = 6324D2D01CE71B19001934A5 /* Products */;
			projectDirPath = "";
			projectRoot = "";
			targets = (
				6324D3051CE72F8D001934A5 /* FirstStage-debug */,
				6324D2CE1CE71B19001934A5 /* FirstStage */,
				6324D2E51CE71B1A001934A5 /* FirstStageTests */,
				6324D2F01CE71B1A001934A5 /* FirstStageUITests */,
			);
		};
/* End PBXProject section */

/* Begin PBXResourcesBuildPhase section */
		6324D2CD1CE71B19001934A5 /* Resources */ = {
			isa = PBXResourcesBuildPhase;
			buildActionMask = 2147483647;
			files = (
				633CA1D51CF73D0C00061F3D /* NearArrow.png in Resources */,
				633CA1D41CF73D0C00061F3D /* FarArrow.png in Resources */,
				633D1B731CF94CEB00B5C4FD /* FeedbackImage.png in Resources */,
				6324D2E01CE71B1A001934A5 /* LaunchScreen.storyboard in Resources */,
				6324D2DD1CE71B1A001934A5 /* Assets.xcassets in Resources */,
				633CA1D31CF73D0C00061F3D /* GreenSmile.png in Resources */,
				6355ECF81CF68EB70037945F /* marmstk1.wav in Resources */,
				634658381E90BE4F00C162CF /* synth-samples in Resources */,
				633C2ADE1CE813E7001C5C16 /* XML Tunes in Resources */,
				6324D2D81CE71B19001934A5 /* Main.storyboard in Resources */,
			);
			runOnlyForDeploymentPostprocessing = 0;
		};
		6324D2E41CE71B1A001934A5 /* Resources */ = {
			isa = PBXResourcesBuildPhase;
			buildActionMask = 2147483647;
			files = (
			);
			runOnlyForDeploymentPostprocessing = 0;
		};
		6324D2EF1CE71B1A001934A5 /* Resources */ = {
			isa = PBXResourcesBuildPhase;
			buildActionMask = 2147483647;
			files = (
			);
			runOnlyForDeploymentPostprocessing = 0;
		};
		6324D30C1CE72F8D001934A5 /* Resources */ = {
			isa = PBXResourcesBuildPhase;
			buildActionMask = 2147483647;
			files = (
				633CA1DB1CF73D1A00061F3D /* NearArrow.png in Resources */,
				633CA1DA1CF73D1600061F3D /* FarArrow.png in Resources */,
				633D1B741CF9588700B5C4FD /* FeedbackImage.png in Resources */,
				6324D30D1CE72F8D001934A5 /* LaunchScreen.storyboard in Resources */,
				6324D30E1CE72F8D001934A5 /* Assets.xcassets in Resources */,
				633CA1D91CF73D1100061F3D /* GreenSmile.png in Resources */,
				6355ECF71CF68EB70037945F /* marmstk1.wav in Resources */,
				633C2ADD1CE813E7001C5C16 /* XML Tunes in Resources */,
				6324D30F1CE72F8D001934A5 /* Main.storyboard in Resources */,
			);
			runOnlyForDeploymentPostprocessing = 0;
		};
/* End PBXResourcesBuildPhase section */

/* Begin PBXShellScriptBuildPhase section */
		6379EE871CE9C5FD00188A70 /* ShellScript */ = {
			isa = PBXShellScriptBuildPhase;
			buildActionMask = 2147483647;
			files = (
			);
			inputPaths = (
			);
			outputPaths = (
			);
			runOnlyForDeploymentPostprocessing = 0;
			shellPath = /bin/sh;
			shellScript = "\"$BUILT_PRODUCTS_DIR/$FRAMEWORKS_FOLDER_PATH/AudioKit.framework/fix-framework.sh\"";
		};
		6379EE881CE9C63B00188A70 /* ShellScript */ = {
			isa = PBXShellScriptBuildPhase;
			buildActionMask = 2147483647;
			files = (
			);
			inputPaths = (
			);
			outputPaths = (
			);
			runOnlyForDeploymentPostprocessing = 0;
			shellPath = /bin/sh;
			shellScript = "\"$BUILT_PRODUCTS_DIR/$FRAMEWORKS_FOLDER_PATH/AudioKit.framework/fix-framework.sh\"";
		};
/* End PBXShellScriptBuildPhase section */

/* Begin PBXSourcesBuildPhase section */
		6324D2CB1CE71B19001934A5 /* Sources */ = {
			isa = PBXSourcesBuildPhase;
			buildActionMask = 2147483647;
			files = (
				6324D3771CE73ED9001934A5 /* Measure.swift in Sources */,
				633D1B6D1CF94BEC00B5C4FD /* FeedbackView.swift in Sources */,
				6324D36F1CE73ED9001934A5 /* MusicFont.swift in Sources */,
				6324D3711CE73ED9001934A5 /* NoteService.swift in Sources */,
				633C2ADB1CE80DA5001C5C16 /* PracticeViewController.swift in Sources */,
				6324D3631CE73C47001934A5 /* First Stage_key.m in Sources */,
				633C2AE51CE86CF4001C5C16 /* SettingsViewController.swift in Sources */,
				638129511CF05BF800A40C8E /* LongToneViewController.swift in Sources */,
				638129591CF05C7900A40C8E /* Balloon.swift in Sources */,
				6324D2DB1CE71B1A001934A5 /* FirstStage.xcdatamodeld in Sources */,
				6324D37E1CE73F22001934A5 /* MusicXMLService.swift in Sources */,
				6324D3791CE73ED9001934A5 /* Note.swift in Sources */,
				639A2E461CF5AB09004F7B1A /* DotView.swift in Sources */,
				6379EE921CE9C8ED00188A70 /* AudioKitManager.swift in Sources */,
				6324D3611CE73C47001934A5 /* SSSystemView.m in Sources */,
				63B427591E5016AB000E35AA /* Intonation.swift in Sources */,
				6324D37B1CE73ED9001934A5 /* NoteOffset.swift in Sources */,
				63EB90181CF1C4EC00F09B05 /* AVAudioSessionManager.swift in Sources */,
				6324D3041CE72E5D001934A5 /* TuneExerciseViewController.swift in Sources */,
				63B4275C1E5057BB000E35AA /* SSSettingsViewController.swift in Sources */,
				639A2E551CF5E6CA004F7B1A /* VisualMetronomeView.swift in Sources */,
				6324D3651CE73C47001934A5 /* SSPlayLoopGraphics.m in Sources */,
				6324D35F1CE73C47001934A5 /* SSScrollView.m in Sources */,
				6324D3751CE73ED9001934A5 /* Exercise.swift in Sources */,
				6381295B1CF05C7900A40C8E /* SparkLine.swift in Sources */,
				6379EE7E1CE95CDF00188A70 /* NoteAnalysis.swift in Sources */,
				6324D3731CE73ED9001934A5 /* Enums.swift in Sources */,
				6324D2D31CE71B19001934A5 /* AppDelegate.swift in Sources */,
				633C2AE21CE86915001C5C16 /* Constants.swift in Sources */,
			);
			runOnlyForDeploymentPostprocessing = 0;
		};
		6324D2E21CE71B1A001934A5 /* Sources */ = {
			isa = PBXSourcesBuildPhase;
			buildActionMask = 2147483647;
			files = (
				6324D2EB1CE71B1A001934A5 /* FirstStageTests.swift in Sources */,
			);
			runOnlyForDeploymentPostprocessing = 0;
		};
		6324D2ED1CE71B1A001934A5 /* Sources */ = {
			isa = PBXSourcesBuildPhase;
			buildActionMask = 2147483647;
			files = (
				6324D2F61CE71B1A001934A5 /* FirstStageUITests.swift in Sources */,
			);
			runOnlyForDeploymentPostprocessing = 0;
		};
		6324D3061CE72F8D001934A5 /* Sources */ = {
			isa = PBXSourcesBuildPhase;
			buildActionMask = 2147483647;
			files = (
				6324D3761CE73ED9001934A5 /* Measure.swift in Sources */,
				633D1B711CF94BF000B5C4FD /* FeedbackView.swift in Sources */,
				6324D36E1CE73ED9001934A5 /* MusicFont.swift in Sources */,
				6324D3701CE73ED9001934A5 /* NoteService.swift in Sources */,
				633C2ADA1CE80DA5001C5C16 /* PracticeViewController.swift in Sources */,
				6324D3621CE73C47001934A5 /* First Stage_key.m in Sources */,
				633C2AE41CE86CF4001C5C16 /* SettingsViewController.swift in Sources */,
				638129501CF05BF800A40C8E /* LongToneViewController.swift in Sources */,
				638129581CF05C7900A40C8E /* Balloon.swift in Sources */,
				6324D3071CE72F8D001934A5 /* FirstStage.xcdatamodeld in Sources */,
				6324D37D1CE73F22001934A5 /* MusicXMLService.swift in Sources */,
				6324D3781CE73ED9001934A5 /* Note.swift in Sources */,
				639A2E451CF5AB09004F7B1A /* DotView.swift in Sources */,
				6379EE911CE9C8ED00188A70 /* AudioKitManager.swift in Sources */,
				63B4275A1E505573000E35AA /* Intonation.swift in Sources */,
				6324D3601CE73C47001934A5 /* SSSystemView.m in Sources */,
				6324D37A1CE73ED9001934A5 /* NoteOffset.swift in Sources */,
				63EB90171CF1C4EB00F09B05 /* AVAudioSessionManager.swift in Sources */,
				6324D3091CE72F8D001934A5 /* TuneExerciseViewController.swift in Sources */,
				63B4275D1E5057C2000E35AA /* SSSettingsViewController.swift in Sources */,
				639A2E541CF5E6CA004F7B1A /* VisualMetronomeView.swift in Sources */,
				6324D3641CE73C47001934A5 /* SSPlayLoopGraphics.m in Sources */,
				6324D35E1CE73C47001934A5 /* SSScrollView.m in Sources */,
				6324D3741CE73ED9001934A5 /* Exercise.swift in Sources */,
				6381295A1CF05C7900A40C8E /* SparkLine.swift in Sources */,
				6379EE7D1CE95CDF00188A70 /* NoteAnalysis.swift in Sources */,
				6324D3721CE73ED9001934A5 /* Enums.swift in Sources */,
				6324D30A1CE72F8D001934A5 /* AppDelegate.swift in Sources */,
				633C2AE11CE86915001C5C16 /* Constants.swift in Sources */,
			);
			runOnlyForDeploymentPostprocessing = 0;
		};
/* End PBXSourcesBuildPhase section */

/* Begin PBXTargetDependency section */
		6324D2E81CE71B1A001934A5 /* PBXTargetDependency */ = {
			isa = PBXTargetDependency;
			target = 6324D2CE1CE71B19001934A5 /* FirstStage */;
			targetProxy = 6324D2E71CE71B1A001934A5 /* PBXContainerItemProxy */;
		};
		6324D2F31CE71B1A001934A5 /* PBXTargetDependency */ = {
			isa = PBXTargetDependency;
			target = 6324D2CE1CE71B19001934A5 /* FirstStage */;
			targetProxy = 6324D2F21CE71B1A001934A5 /* PBXContainerItemProxy */;
		};
/* End PBXTargetDependency section */

/* Begin PBXVariantGroup section */
		6324D2D61CE71B19001934A5 /* Main.storyboard */ = {
			isa = PBXVariantGroup;
			children = (
				6324D2D71CE71B19001934A5 /* Base */,
			);
			name = Main.storyboard;
			sourceTree = "<group>";
		};
		6324D2DE1CE71B1A001934A5 /* LaunchScreen.storyboard */ = {
			isa = PBXVariantGroup;
			children = (
				6324D2DF1CE71B1A001934A5 /* Base */,
			);
			name = LaunchScreen.storyboard;
			sourceTree = "<group>";
		};
/* End PBXVariantGroup section */

/* Begin XCBuildConfiguration section */
		6324D2F81CE71B1A001934A5 /* Debug */ = {
			isa = XCBuildConfiguration;
			buildSettings = {
				ALWAYS_SEARCH_USER_PATHS = NO;
				CLANG_ANALYZER_NONNULL = YES;
				CLANG_CXX_LANGUAGE_STANDARD = "gnu++0x";
				CLANG_CXX_LIBRARY = "libc++";
				CLANG_ENABLE_MODULES = YES;
				CLANG_ENABLE_OBJC_ARC = YES;
				CLANG_WARN_BOOL_CONVERSION = YES;
				CLANG_WARN_CONSTANT_CONVERSION = YES;
				CLANG_WARN_DIRECT_OBJC_ISA_USAGE = YES_ERROR;
				CLANG_WARN_EMPTY_BODY = YES;
				CLANG_WARN_ENUM_CONVERSION = YES;
				CLANG_WARN_INFINITE_RECURSION = YES;
				CLANG_WARN_INT_CONVERSION = YES;
				CLANG_WARN_OBJC_ROOT_CLASS = YES_ERROR;
				CLANG_WARN_SUSPICIOUS_MOVE = YES;
				CLANG_WARN_UNREACHABLE_CODE = YES;
				CLANG_WARN__DUPLICATE_METHOD_MATCH = YES;
				CODE_SIGN_IDENTITY = "";
				"CODE_SIGN_IDENTITY[sdk=iphoneos*]" = "iPhone Developer";
				COPY_PHASE_STRIP = NO;
				DEBUG_INFORMATION_FORMAT = dwarf;
				ENABLE_BITCODE = NO;
				ENABLE_STRICT_OBJC_MSGSEND = YES;
				ENABLE_TESTABILITY = YES;
				GCC_C_LANGUAGE_STANDARD = gnu99;
				GCC_DYNAMIC_NO_PIC = NO;
				GCC_NO_COMMON_BLOCKS = YES;
				GCC_OPTIMIZATION_LEVEL = 0;
				GCC_PREPROCESSOR_DEFINITIONS = (
					"DEBUG=1",
					"$(inherited)",
				);
				GCC_WARN_64_TO_32_BIT_CONVERSION = YES;
				GCC_WARN_ABOUT_RETURN_TYPE = YES_ERROR;
				GCC_WARN_UNDECLARED_SELECTOR = YES;
				GCC_WARN_UNINITIALIZED_AUTOS = YES_AGGRESSIVE;
				GCC_WARN_UNUSED_FUNCTION = YES;
				GCC_WARN_UNUSED_VARIABLE = YES;
				IPHONEOS_DEPLOYMENT_TARGET = 9.3;
				MTL_ENABLE_DEBUG_INFO = YES;
				ONLY_ACTIVE_ARCH = YES;
				OTHER_LDFLAGS = "-ObjC";
				PROVISIONING_PROFILE = "";
				SDKROOT = iphoneos;
				SWIFT_OPTIMIZATION_LEVEL = "-Onone";
			};
			name = Debug;
		};
		6324D2F91CE71B1A001934A5 /* Release */ = {
			isa = XCBuildConfiguration;
			buildSettings = {
				ALWAYS_SEARCH_USER_PATHS = NO;
				CLANG_ANALYZER_NONNULL = YES;
				CLANG_CXX_LANGUAGE_STANDARD = "gnu++0x";
				CLANG_CXX_LIBRARY = "libc++";
				CLANG_ENABLE_MODULES = YES;
				CLANG_ENABLE_OBJC_ARC = YES;
				CLANG_WARN_BOOL_CONVERSION = YES;
				CLANG_WARN_CONSTANT_CONVERSION = YES;
				CLANG_WARN_DIRECT_OBJC_ISA_USAGE = YES_ERROR;
				CLANG_WARN_EMPTY_BODY = YES;
				CLANG_WARN_ENUM_CONVERSION = YES;
				CLANG_WARN_INFINITE_RECURSION = YES;
				CLANG_WARN_INT_CONVERSION = YES;
				CLANG_WARN_OBJC_ROOT_CLASS = YES_ERROR;
				CLANG_WARN_SUSPICIOUS_MOVE = YES;
				CLANG_WARN_UNREACHABLE_CODE = YES;
				CLANG_WARN__DUPLICATE_METHOD_MATCH = YES;
				CODE_SIGN_IDENTITY = "";
				"CODE_SIGN_IDENTITY[sdk=*]" = "iPhone Developer";
				COPY_PHASE_STRIP = NO;
				DEBUG_INFORMATION_FORMAT = "dwarf-with-dsym";
				ENABLE_BITCODE = NO;
				ENABLE_NS_ASSERTIONS = NO;
				ENABLE_STRICT_OBJC_MSGSEND = YES;
				GCC_C_LANGUAGE_STANDARD = gnu99;
				GCC_NO_COMMON_BLOCKS = YES;
				GCC_WARN_64_TO_32_BIT_CONVERSION = YES;
				GCC_WARN_ABOUT_RETURN_TYPE = YES_ERROR;
				GCC_WARN_UNDECLARED_SELECTOR = YES;
				GCC_WARN_UNINITIALIZED_AUTOS = YES_AGGRESSIVE;
				GCC_WARN_UNUSED_FUNCTION = YES;
				GCC_WARN_UNUSED_VARIABLE = YES;
				IPHONEOS_DEPLOYMENT_TARGET = 9.3;
				MTL_ENABLE_DEBUG_INFO = NO;
				OTHER_LDFLAGS = "-ObjC";
				SDKROOT = iphoneos;
				SWIFT_OPTIMIZATION_LEVEL = "-Owholemodule";
				VALIDATE_PRODUCT = YES;
			};
			name = Release;
		};
		6324D2FB1CE71B1A001934A5 /* Debug */ = {
			isa = XCBuildConfiguration;
			buildSettings = {
				ASSETCATALOG_COMPILER_APPICON_NAME = AppIcon;
				CLANG_ENABLE_MODULES = YES;
				CODE_SIGN_IDENTITY = "";
				"CODE_SIGN_IDENTITY[sdk=iphoneos*]" = "iPhone Developer";
				DEVELOPMENT_TEAM = "";
				ENABLE_BITCODE = NO;
				FRAMEWORK_SEARCH_PATHS = (
					"$(inherited)",
					"$(PROJECT_DIR)/SeeScoreLib/AppStore-Release",
					"$(PROJECT_DIR)",
				);
				INFOPLIST_FILE = FirstStage/Info.plist;
				LD_RUNPATH_SEARCH_PATHS = "$(inherited) @executable_path/Frameworks";
				OTHER_LDFLAGS = "-ObjC";
				PRODUCT_BUNDLE_IDENTIFIER = com.musikyoshi.FirstStageDSR;
				PRODUCT_NAME = "$(TARGET_NAME)";
				PROVISIONING_PROFILE = "";
				PROVISIONING_PROFILE_SPECIFIER = "";
				SWIFT_OBJC_BRIDGING_HEADER = "FirstStage/FirstStage-Bridging-Header.h";
				SWIFT_OPTIMIZATION_LEVEL = "-Onone";
				SWIFT_VERSION = 3.0;
				TARGETED_DEVICE_FAMILY = 1;
				USER_HEADER_SEARCH_PATHS = "AudioKit/AudioKit/**";
			};
			name = Debug;
		};
		6324D2FC1CE71B1A001934A5 /* Release */ = {
			isa = XCBuildConfiguration;
			buildSettings = {
				ASSETCATALOG_COMPILER_APPICON_NAME = AppIcon;
				CLANG_ENABLE_MODULES = YES;
				CODE_SIGN_IDENTITY = "";
				"CODE_SIGN_IDENTITY[sdk=iphoneos*]" = "iPhone Developer";
				DEVELOPMENT_TEAM = "";
				ENABLE_BITCODE = NO;
				FRAMEWORK_SEARCH_PATHS = (
					"$(inherited)",
					"$(PROJECT_DIR)/SeeScoreLib/AppStore-Release",
					"$(PROJECT_DIR)",
				);
				INFOPLIST_FILE = FirstStage/Info.plist;
				LD_RUNPATH_SEARCH_PATHS = "$(inherited) @executable_path/Frameworks";
				OTHER_LDFLAGS = "-ObjC";
				PRODUCT_BUNDLE_IDENTIFIER = com.musikyoshi.FirstStageDSR;
				PRODUCT_NAME = "$(TARGET_NAME)";
				PROVISIONING_PROFILE = "";
				PROVISIONING_PROFILE_SPECIFIER = "";
				SWIFT_OBJC_BRIDGING_HEADER = "FirstStage/FirstStage-Bridging-Header.h";
				SWIFT_VERSION = 3.0;
				TARGETED_DEVICE_FAMILY = 1;
				USER_HEADER_SEARCH_PATHS = "AudioKit/AudioKit/**";
			};
			name = Release;
		};
		6324D2FE1CE71B1A001934A5 /* Debug */ = {
			isa = XCBuildConfiguration;
			buildSettings = {
				BUNDLE_LOADER = "$(TEST_HOST)";
				INFOPLIST_FILE = FirstStageTests/Info.plist;
				LD_RUNPATH_SEARCH_PATHS = "$(inherited) @executable_path/Frameworks @loader_path/Frameworks";
				PRODUCT_BUNDLE_IDENTIFIER = com.musikyoshi.FirstStageTests;
				PRODUCT_NAME = "$(TARGET_NAME)";
				SWIFT_VERSION = 3.0;
				TEST_HOST = "$(BUILT_PRODUCTS_DIR)/FirstStage.app/FirstStage";
			};
			name = Debug;
		};
		6324D2FF1CE71B1A001934A5 /* Release */ = {
			isa = XCBuildConfiguration;
			buildSettings = {
				BUNDLE_LOADER = "$(TEST_HOST)";
				INFOPLIST_FILE = FirstStageTests/Info.plist;
				LD_RUNPATH_SEARCH_PATHS = "$(inherited) @executable_path/Frameworks @loader_path/Frameworks";
				PRODUCT_BUNDLE_IDENTIFIER = com.musikyoshi.FirstStageTests;
				PRODUCT_NAME = "$(TARGET_NAME)";
				SWIFT_VERSION = 3.0;
				TEST_HOST = "$(BUILT_PRODUCTS_DIR)/FirstStage.app/FirstStage";
			};
			name = Release;
		};
		6324D3011CE71B1A001934A5 /* Debug */ = {
			isa = XCBuildConfiguration;
			buildSettings = {
				INFOPLIST_FILE = FirstStageUITests/Info.plist;
				LD_RUNPATH_SEARCH_PATHS = "$(inherited) @executable_path/Frameworks @loader_path/Frameworks";
				PRODUCT_BUNDLE_IDENTIFIER = com.musikyoshi.FirstStageUITests;
				PRODUCT_NAME = "$(TARGET_NAME)";
				SWIFT_VERSION = 3.0;
				TEST_TARGET_NAME = FirstStage;
			};
			name = Debug;
		};
		6324D3021CE71B1A001934A5 /* Release */ = {
			isa = XCBuildConfiguration;
			buildSettings = {
				INFOPLIST_FILE = FirstStageUITests/Info.plist;
				LD_RUNPATH_SEARCH_PATHS = "$(inherited) @executable_path/Frameworks @loader_path/Frameworks";
				PRODUCT_BUNDLE_IDENTIFIER = com.musikyoshi.FirstStageUITests;
				PRODUCT_NAME = "$(TARGET_NAME)";
				SWIFT_VERSION = 3.0;
				TEST_TARGET_NAME = FirstStage;
			};
			name = Release;
		};
		6324D3111CE72F8D001934A5 /* Debug */ = {
			isa = XCBuildConfiguration;
			buildSettings = {
				ASSETCATALOG_COMPILER_APPICON_NAME = AppIcon;
				CODE_SIGN_IDENTITY = "iPhone Developer: David Reich (JRZ683P359)";
				ENABLE_BITCODE = NO;
				FRAMEWORK_SEARCH_PATHS = (
					"$(inherited)",
					"$(PROJECT_DIR)/SeeScoreLib/Universal",
					"$(PROJECT_DIR)",
					"$(PROJECT_DIR)/AudioKit/AudioKit/Platforms/iOS",
				);
				INFOPLIST_FILE = FirstStage/Info.plist;
				LD_RUNPATH_SEARCH_PATHS = "$(inherited) @executable_path/Frameworks";
				OTHER_LDFLAGS = "-ObjC";
				PRODUCT_BUNDLE_IDENTIFIER = com.musikyoshi.FirstStageDSR;
				PRODUCT_NAME = "$(TARGET_NAME)";
				PROVISIONING_PROFILE = "12e192e0-54ea-473a-82e9-9698b782b864";
				SWIFT_OBJC_BRIDGING_HEADER = "FirstStage/FirstStage-Bridging-Header.h";
				SWIFT_VERSION = 3.0;
				TARGETED_DEVICE_FAMILY = 1;
				USER_HEADER_SEARCH_PATHS = "AudioKit/AudioKit/**";
			};
			name = Debug;
		};
		6324D3121CE72F8D001934A5 /* Release */ = {
			isa = XCBuildConfiguration;
			buildSettings = {
				ASSETCATALOG_COMPILER_APPICON_NAME = AppIcon;
				CODE_SIGN_IDENTITY = "iPhone Distribution: Stellar Software Pty Ltd (A2SGEM86LX)";
				ENABLE_BITCODE = NO;
				FRAMEWORK_SEARCH_PATHS = (
					"$(inherited)",
					"$(PROJECT_DIR)/SeeScoreLib/Universal",
					"$(PROJECT_DIR)",
					"$(PROJECT_DIR)/AudioKit/AudioKit/Platforms/iOS",
				);
				INFOPLIST_FILE = FirstStage/Info.plist;
				LD_RUNPATH_SEARCH_PATHS = "$(inherited) @executable_path/Frameworks";
				OTHER_LDFLAGS = "-ObjC";
				PRODUCT_BUNDLE_IDENTIFIER = com.musikyoshi.FirstStageDSR;
				PRODUCT_NAME = "$(TARGET_NAME)";
				SWIFT_OBJC_BRIDGING_HEADER = "FirstStage/FirstStage-Bridging-Header.h";
				SWIFT_VERSION = 3.0;
				TARGETED_DEVICE_FAMILY = 1;
				USER_HEADER_SEARCH_PATHS = "AudioKit/AudioKit/**";
			};
			name = Release;
		};
/* End XCBuildConfiguration section */

/* Begin XCConfigurationList section */
		6324D2CA1CE71B19001934A5 /* Build configuration list for PBXProject "FirstStage" */ = {
			isa = XCConfigurationList;
			buildConfigurations = (
				6324D2F81CE71B1A001934A5 /* Debug */,
				6324D2F91CE71B1A001934A5 /* Release */,
			);
			defaultConfigurationIsVisible = 0;
			defaultConfigurationName = Release;
		};
		6324D2FA1CE71B1A001934A5 /* Build configuration list for PBXNativeTarget "FirstStage" */ = {
			isa = XCConfigurationList;
			buildConfigurations = (
				6324D2FB1CE71B1A001934A5 /* Debug */,
				6324D2FC1CE71B1A001934A5 /* Release */,
			);
			defaultConfigurationIsVisible = 0;
			defaultConfigurationName = Release;
		};
		6324D2FD1CE71B1A001934A5 /* Build configuration list for PBXNativeTarget "FirstStageTests" */ = {
			isa = XCConfigurationList;
			buildConfigurations = (
				6324D2FE1CE71B1A001934A5 /* Debug */,
				6324D2FF1CE71B1A001934A5 /* Release */,
			);
			defaultConfigurationIsVisible = 0;
			defaultConfigurationName = Release;
		};
		6324D3001CE71B1A001934A5 /* Build configuration list for PBXNativeTarget "FirstStageUITests" */ = {
			isa = XCConfigurationList;
			buildConfigurations = (
				6324D3011CE71B1A001934A5 /* Debug */,
				6324D3021CE71B1A001934A5 /* Release */,
			);
			defaultConfigurationIsVisible = 0;
			defaultConfigurationName = Release;
		};
		6324D3101CE72F8D001934A5 /* Build configuration list for PBXNativeTarget "FirstStage-debug" */ = {
			isa = XCConfigurationList;
			buildConfigurations = (
				6324D3111CE72F8D001934A5 /* Debug */,
				6324D3121CE72F8D001934A5 /* Release */,
			);
			defaultConfigurationIsVisible = 0;
			defaultConfigurationName = Release;
		};
/* End XCConfigurationList section */

/* Begin XCVersionGroup section */
		6324D2D91CE71B1A001934A5 /* FirstStage.xcdatamodeld */ = {
			isa = XCVersionGroup;
			children = (
				6324D2DA1CE71B1A001934A5 /* FirstStage.xcdatamodel */,
			);
			currentVersion = 6324D2DA1CE71B1A001934A5 /* FirstStage.xcdatamodel */;
			path = FirstStage.xcdatamodeld;
			sourceTree = "<group>";
			versionGroupType = wrapper.xcdatamodel;
		};
/* End XCVersionGroup section */
	};
	rootObject = 6324D2C71CE71B19001934A5 /* Project object */;
}
